
Microsoft Visual Studio Solution File, Format Version 12.00
# Visual Studio Version 16
VisualStudioVersion = 16.0.31205.134
MinimumVisualStudioVersion = 10.0.40219.1
Project("{9A19103F-16F7-4668-BE54-9A1E7A4F7556}") = "DataAccess", "DataAccess\DataAccess.csproj", "{8723BBCA-7BF8-471C-87AB-9330959EAB1C}"
EndProject
Project("{9A19103F-16F7-4668-BE54-9A1E7A4F7556}") = "Business", "Business\Business.csproj", "{F89057B3-3477-4C21-B9B0-B2606105A5A3}"
EndProject
Project("{9A19103F-16F7-4668-BE54-9A1E7A4F7556}") = "Entities", "Entities\Entities.csproj", "{4E510C81-0EDF-41A5-81E2-6CC7E8CA55BD}"
EndProject
Project("{9A19103F-16F7-4668-BE54-9A1E7A4F7556}") = "ConsoleUI", "ConsoleUI\ConsoleUI.csproj", "{31539C4E-D635-4EFF-9D4C-1726E64711E1}"
EndProject
Project("{9A19103F-16F7-4668-BE54-9A1E7A4F7556}") = "Core", "Core\Core.csproj", "{49ECDCCB-58C1-4480-A870-AE83D57B5EA1}"
EndProject
Project("{FAE04EC0-301F-11D3-BF4B-00C04F79EFBC}") = "WebAPI", "WebAPI\WebAPI.csproj", "{0CA2497F-9F94-4A17-8E2F-30DC889B80D4}"
EndProject
Global
	GlobalSection(SolutionConfigurationPlatforms) = preSolution
		Debug|Any CPU = Debug|Any CPU
		Release|Any CPU = Release|Any CPU
	EndGlobalSection
	GlobalSection(ProjectConfigurationPlatforms) = postSolution
		{8723BBCA-7BF8-471C-87AB-9330959EAB1C}.Debug|Any CPU.ActiveCfg = Debug|Any CPU
		{8723BBCA-7BF8-471C-87AB-9330959EAB1C}.Debug|Any CPU.Build.0 = Debug|Any CPU
		{8723BBCA-7BF8-471C-87AB-9330959EAB1C}.Release|Any CPU.ActiveCfg = Release|Any CPU
		{8723BBCA-7BF8-471C-87AB-9330959EAB1C}.Release|Any CPU.Build.0 = Release|Any CPU
		{F89057B3-3477-4C21-B9B0-B2606105A5A3}.Debug|Any CPU.ActiveCfg = Debug|Any CPU
		{F89057B3-3477-4C21-B9B0-B2606105A5A3}.Debug|Any CPU.Build.0 = Debug|Any CPU
		{F89057B3-3477-4C21-B9B0-B2606105A5A3}.Release|Any CPU.ActiveCfg = Release|Any CPU
		{F89057B3-3477-4C21-B9B0-B2606105A5A3}.Release|Any CPU.Build.0 = Release|Any CPU
		{4E510C81-0EDF-41A5-81E2-6CC7E8CA55BD}.Debug|Any CPU.ActiveCfg = Debug|Any CPU
		{4E510C81-0EDF-41A5-81E2-6CC7E8CA55BD}.Debug|Any CPU.Build.0 = Debug|Any CPU
		{4E510C81-0EDF-41A5-81E2-6CC7E8CA55BD}.Release|Any CPU.ActiveCfg = Release|Any CPU
		{4E510C81-0EDF-41A5-81E2-6CC7E8CA55BD}.Release|Any CPU.Build.0 = Release|Any CPU
		{31539C4E-D635-4EFF-9D4C-1726E64711E1}.Debug|Any CPU.ActiveCfg = Debug|Any CPU
		{31539C4E-D635-4EFF-9D4C-1726E64711E1}.Debug|Any CPU.Build.0 = Debug|Any CPU
		{31539C4E-D635-4EFF-9D4C-1726E64711E1}.Release|Any CPU.ActiveCfg = Release|Any CPU
		{31539C4E-D635-4EFF-9D4C-1726E64711E1}.Release|Any CPU.Build.0 = Release|Any CPU
		{49ECDCCB-58C1-4480-A870-AE83D57B5EA1}.Debug|Any CPU.ActiveCfg = Debug|Any CPU
		{49ECDCCB-58C1-4480-A870-AE83D57B5EA1}.Debug|Any CPU.Build.0 = Debug|Any CPU
		{49ECDCCB-58C1-4480-A870-AE83D57B5EA1}.Release|Any CPU.ActiveCfg = Release|Any CPU
		{49ECDCCB-58C1-4480-A870-AE83D57B5EA1}.Release|Any CPU.Build.0 = Release|Any CPU
		{0CA2497F-9F94-4A17-8E2F-30DC889B80D4}.Debug|Any CPU.ActiveCfg = Debug|Any CPU
		{0CA2497F-9F94-4A17-8E2F-30DC889B80D4}.Debug|Any CPU.Build.0 = Debug|Any CPU
		{0CA2497F-9F94-4A17-8E2F-30DC889B80D4}.Release|Any CPU.ActiveCfg = Release|Any CPU
		{0CA2497F-9F94-4A17-8E2F-30DC889B80D4}.Release|Any CPU.Build.0 = Release|Any CPU
	EndGlobalSection
	GlobalSection(SolutionProperties) = preSolution
		HideSolutionNode = FALSE
	EndGlobalSection
	GlobalSection(ExtensibilityGlobals) = postSolution
		SolutionGuid = {6E000292-748D-426F-BBDA-D04C1027F5BA}
	EndGlobalSection
EndGlobal
